
Microsoft Visual Studio Solution File, Format Version 12.00
# Visual Studio Version 17
VisualStudioVersion = 17.4.33213.308
MinimumVisualStudioVersion = 10.0.40219.1
Project("{FAE04EC0-301F-11D3-BF4B-00C04F79EFBC}") = "QuizApi", "QuizApi\QuizApi.csproj", "{C127FA7A-C276-4863-9A2E-15B98D07EE48}"
EndProject
Global
	GlobalSection(SolutionConfigurationPlatforms) = preSolution
		Debug|Any CPU = Debug|Any CPU
		Release|Any CPU = Release|Any CPU
	EndGlobalSection
	GlobalSection(ProjectConfigurationPlatforms) = postSolution
		{C127FA7A-C276-4863-9A2E-15B98D07EE48}.Debug|Any CPU.ActiveCfg = Debug|Any CPU
		{C127FA7A-C276-4863-9A2E-15B98D07EE48}.Debug|Any CPU.Build.0 = Debug|Any CPU
		{C127FA7A-C276-4863-9A2E-15B98D07EE48}.Release|Any CPU.ActiveCfg = Release|Any CPU
		{C127FA7A-C276-4863-9A2E-15B98D07EE48}.Release|Any CPU.Build.0 = Release|Any CPU
	EndGlobalSection
	GlobalSection(SolutionProperties) = preSolution
		HideSolutionNode = FALSE
	EndGlobalSection
	GlobalSection(ExtensibilityGlobals) = postSolution
		SolutionGuid = {4F20A7AD-C5C8-49AE-8CE7-72745E7698C2}
	EndGlobalSection
EndGlobal
